
Microsoft Visual Studio Solution File, Format Version 12.00
# Visual Studio Version 16
VisualStudioVersion = 16.0.31624.102
MinimumVisualStudioVersion = 10.0.40219.1
Project("{FAE04EC0-301F-11D3-BF4B-00C04F79EFBC}") = "login2", "login2.csproj", "{59625ECE-3EC2-44E8-A9A8-538CC1069224}"
EndProject
Global
	GlobalSection(SolutionConfigurationPlatforms) = preSolution
		Debug|Any CPU = Debug|Any CPU
		Release|Any CPU = Release|Any CPU
	EndGlobalSection
	GlobalSection(ProjectConfigurationPlatforms) = postSolution
		{59625ECE-3EC2-44E8-A9A8-538CC1069224}.Debug|Any CPU.ActiveCfg = Debug|Any CPU
		{59625ECE-3EC2-44E8-A9A8-538CC1069224}.Debug|Any CPU.Build.0 = Debug|Any CPU
		{59625ECE-3EC2-44E8-A9A8-538CC1069224}.Release|Any CPU.ActiveCfg = Release|Any CPU
		{59625ECE-3EC2-44E8-A9A8-538CC1069224}.Release|Any CPU.Build.0 = Release|Any CPU
	EndGlobalSection
	GlobalSection(SolutionProperties) = preSolution
		HideSolutionNode = FALSE
	EndGlobalSection
	GlobalSection(ExtensibilityGlobals) = postSolution
		SolutionGuid = {ECA005CD-CAF0-4F82-B017-B32F604B0CA3}
	EndGlobalSection
EndGlobal
